
Microsoft Visual Studio Solution File, Format Version 12.00
# Visual Studio 14
VisualStudioVersion = 14.0.25420.1
MinimumVisualStudioVersion = 10.0.40219.1
Project("{FAE04EC0-301F-11D3-BF4B-00C04F79EFBC}") = "DateTimePicker", "DateTimePicker\DateTimePicker\DateTimePicker.csproj", "{14BA8670-7666-4444-9AB8-26D4C872196F}"
EndProject
Project("{FAE04EC0-301F-11D3-BF4B-00C04F79EFBC}") = "DateTimePicker.Droid", "DateTimePicker\DateTimePicker.Droid\DateTimePicker.Droid.csproj", "{456C8171-BE02-4031-A552-2521D9E396C9}"
EndProject
Project("{FAE04EC0-301F-11D3-BF4B-00C04F79EFBC}") = "DateTimePicker.iOS", "DateTimePicker\DateTimePicker.iOS\DateTimePicker.iOS.csproj", "{AC60B4EF-BA2C-4B9A-B43D-F9F7C4F2CFAB}"
EndProject
Global
	GlobalSection(SolutionConfigurationPlatforms) = preSolution
		Ad-Hoc|Any CPU = Ad-Hoc|Any CPU
		Ad-Hoc|iPhone = Ad-Hoc|iPhone
		Ad-Hoc|iPhoneSimulator = Ad-Hoc|iPhoneSimulator
		AppStore|Any CPU = AppStore|Any CPU
		AppStore|iPhone = AppStore|iPhone
		AppStore|iPhoneSimulator = AppStore|iPhoneSimulator
		Debug|Any CPU = Debug|Any CPU
		Debug|iPhone = Debug|iPhone
		Debug|iPhoneSimulator = Debug|iPhoneSimulator
		Release|Any CPU = Release|Any CPU
		Release|iPhone = Release|iPhone
		Release|iPhoneSimulator = Release|iPhoneSimulator
	EndGlobalSection
	GlobalSection(ProjectConfigurationPlatforms) = postSolution
		{14BA8670-7666-4444-9AB8-26D4C872196F}.Ad-Hoc|Any CPU.ActiveCfg = Release|Any CPU
		{14BA8670-7666-4444-9AB8-26D4C872196F}.Ad-Hoc|Any CPU.Build.0 = Release|Any CPU
		{14BA8670-7666-4444-9AB8-26D4C872196F}.Ad-Hoc|iPhone.ActiveCfg = Release|Any CPU
		{14BA8670-7666-4444-9AB8-26D4C872196F}.Ad-Hoc|iPhone.Build.0 = Release|Any CPU
		{14BA8670-7666-4444-9AB8-26D4C872196F}.Ad-Hoc|iPhoneSimulator.ActiveCfg = Release|Any CPU
		{14BA8670-7666-4444-9AB8-26D4C872196F}.Ad-Hoc|iPhoneSimulator.Build.0 = Release|Any CPU
		{14BA8670-7666-4444-9AB8-26D4C872196F}.AppStore|Any CPU.ActiveCfg = Release|Any CPU
		{14BA8670-7666-4444-9AB8-26D4C872196F}.AppStore|Any CPU.Build.0 = Release|Any CPU
		{14BA8670-7666-4444-9AB8-26D4C872196F}.AppStore|iPhone.ActiveCfg = Release|Any CPU
		{14BA8670-7666-4444-9AB8-26D4C872196F}.AppStore|iPhone.Build.0 = Release|Any CPU
		{14BA8670-7666-4444-9AB8-26D4C872196F}.AppStore|iPhoneSimulator.ActiveCfg = Release|Any CPU
		{14BA8670-7666-4444-9AB8-26D4C872196F}.AppStore|iPhoneSimulator.Build.0 = Release|Any CPU
		{14BA8670-7666-4444-9AB8-26D4C872196F}.Debug|Any CPU.ActiveCfg = Debug|Any CPU
		{14BA8670-7666-4444-9AB8-26D4C872196F}.Debug|Any CPU.Build.0 = Debug|Any CPU
		{14BA8670-7666-4444-9AB8-26D4C872196F}.Debug|iPhone.ActiveCfg = Debug|Any CPU
		{14BA8670-7666-4444-9AB8-26D4C872196F}.Debug|iPhone.Build.0 = Debug|Any CPU
		{14BA8670-7666-4444-9AB8-26D4C872196F}.Debug|iPhoneSimulator.ActiveCfg = Debug|Any CPU
		{14BA8670-7666-4444-9AB8-26D4C872196F}.Debug|iPhoneSimulator.Build.0 = Debug|Any CPU
		{14BA8670-7666-4444-9AB8-26D4C872196F}.Release|Any CPU.ActiveCfg = Release|Any CPU
		{14BA8670-7666-4444-9AB8-26D4C872196F}.Release|Any CPU.Build.0 = Release|Any CPU
		{14BA8670-7666-4444-9AB8-26D4C872196F}.Release|iPhone.ActiveCfg = Release|Any CPU
		{14BA8670-7666-4444-9AB8-26D4C872196F}.Release|iPhone.Build.0 = Release|Any CPU
		{14BA8670-7666-4444-9AB8-26D4C872196F}.Release|iPhoneSimulator.ActiveCfg = Release|Any CPU
		{14BA8670-7666-4444-9AB8-26D4C872196F}.Release|iPhoneSimulator.Build.0 = Release|Any CPU
		{456C8171-BE02-4031-A552-2521D9E396C9}.Ad-Hoc|Any CPU.ActiveCfg = Release|Any CPU
		{456C8171-BE02-4031-A552-2521D9E396C9}.Ad-Hoc|Any CPU.Build.0 = Release|Any CPU
		{456C8171-BE02-4031-A552-2521D9E396C9}.Ad-Hoc|Any CPU.Deploy.0 = Release|Any CPU
		{456C8171-BE02-4031-A552-2521D9E396C9}.Ad-Hoc|iPhone.ActiveCfg = Release|Any CPU
		{456C8171-BE02-4031-A552-2521D9E396C9}.Ad-Hoc|iPhone.Build.0 = Release|Any CPU
		{456C8171-BE02-4031-A552-2521D9E396C9}.Ad-Hoc|iPhone.Deploy.0 = Release|Any CPU
		{456C8171-BE02-4031-A552-2521D9E396C9}.Ad-Hoc|iPhoneSimulator.ActiveCfg = Release|Any CPU
		{456C8171-BE02-4031-A552-2521D9E396C9}.Ad-Hoc|iPhoneSimulator.Build.0 = Release|Any CPU
		{456C8171-BE02-4031-A552-2521D9E396C9}.Ad-Hoc|iPhoneSimulator.Deploy.0 = Release|Any CPU
		{456C8171-BE02-4031-A552-2521D9E396C9}.AppStore|Any CPU.ActiveCfg = Release|Any CPU
		{456C8171-BE02-4031-A552-2521D9E396C9}.AppStore|Any CPU.Build.0 = Release|Any CPU
		{456C8171-BE02-4031-A552-2521D9E396C9}.AppStore|Any CPU.Deploy.0 = Release|Any CPU
		{456C8171-BE02-4031-A552-2521D9E396C9}.AppStore|iPhone.ActiveCfg = Release|Any CPU
		{456C8171-BE02-4031-A552-2521D9E396C9}.AppStore|iPhone.Build.0 = Release|Any CPU
		{456C8171-BE02-4031-A552-2521D9E396C9}.AppStore|iPhone.Deploy.0 = Release|Any CPU
		{456C8171-BE02-4031-A552-2521D9E396C9}.AppStore|iPhoneSimulator.ActiveCfg = Release|Any CPU
		{456C8171-BE02-4031-A552-2521D9E396C9}.AppStore|iPhoneSimulator.Build.0 = Release|Any CPU
		{456C8171-BE02-4031-A552-2521D9E396C9}.AppStore|iPhoneSimulator.Deploy.0 = Release|Any CPU
		{456C8171-BE02-4031-A552-2521D9E396C9}.Debug|Any CPU.ActiveCfg = Debug|Any CPU
		{456C8171-BE02-4031-A552-2521D9E396C9}.Debug|Any CPU.Build.0 = Debug|Any CPU
		{456C8171-BE02-4031-A552-2521D9E396C9}.Debug|Any CPU.Deploy.0 = Debug|Any CPU
		{456C8171-BE02-4031-A552-2521D9E396C9}.Debug|iPhone.ActiveCfg = Debug|Any CPU
		{456C8171-BE02-4031-A552-2521D9E396C9}.Debug|iPhone.Build.0 = Debug|Any CPU
		{456C8171-BE02-4031-A552-2521D9E396C9}.Debug|iPhone.Deploy.0 = Debug|Any CPU
		{456C8171-BE02-4031-A552-2521D9E396C9}.Debug|iPhoneSimulator.ActiveCfg = Debug|Any CPU
		{456C8171-BE02-4031-A552-2521D9E396C9}.Debug|iPhoneSimulator.Build.0 = Debug|Any CPU
		{456C8171-BE02-4031-A552-2521D9E396C9}.Debug|iPhoneSimulator.Deploy.0 = Debug|Any CPU
		{456C8171-BE02-4031-A552-2521D9E396C9}.Release|Any CPU.ActiveCfg = Release|Any CPU
		{456C8171-BE02-4031-A552-2521D9E396C9}.Release|Any CPU.Build.0 = Release|Any CPU
		{456C8171-BE02-4031-A552-2521D9E396C9}.Release|Any CPU.Deploy.0 = Release|Any CPU
		{456C8171-BE02-4031-A552-2521D9E396C9}.Release|iPhone.ActiveCfg = Release|Any CPU
		{456C8171-BE02-4031-A552-2521D9E396C9}.Release|iPhone.Build.0 = Release|Any CPU
		{456C8171-BE02-4031-A552-2521D9E396C9}.Release|iPhone.Deploy.0 = Release|Any CPU
		{456C8171-BE02-4031-A552-2521D9E396C9}.Release|iPhoneSimulator.ActiveCfg = Release|Any CPU
		{456C8171-BE02-4031-A552-2521D9E396C9}.Release|iPhoneSimulator.Build.0 = Release|Any CPU
		{456C8171-BE02-4031-A552-2521D9E396C9}.Release|iPhoneSimulator.Deploy.0 = Release|Any CPU
		{AC60B4EF-BA2C-4B9A-B43D-F9F7C4F2CFAB}.Ad-Hoc|Any CPU.ActiveCfg = Ad-Hoc|iPhone
		{AC60B4EF-BA2C-4B9A-B43D-F9F7C4F2CFAB}.Ad-Hoc|iPhone.ActiveCfg = Ad-Hoc|iPhone
		{AC60B4EF-BA2C-4B9A-B43D-F9F7C4F2CFAB}.Ad-Hoc|iPhone.Build.0 = Ad-Hoc|iPhone
		{AC60B4EF-BA2C-4B9A-B43D-F9F7C4F2CFAB}.Ad-Hoc|iPhoneSimulator.ActiveCfg = Ad-Hoc|iPhoneSimulator
		{AC60B4EF-BA2C-4B9A-B43D-F9F7C4F2CFAB}.Ad-Hoc|iPhoneSimulator.Build.0 = Ad-Hoc|iPhoneSimulator
		{AC60B4EF-BA2C-4B9A-B43D-F9F7C4F2CFAB}.AppStore|Any CPU.ActiveCfg = AppStore|iPhone
		{AC60B4EF-BA2C-4B9A-B43D-F9F7C4F2CFAB}.AppStore|iPhone.ActiveCfg = AppStore|iPhone
		{AC60B4EF-BA2C-4B9A-B43D-F9F7C4F2CFAB}.AppStore|iPhone.Build.0 = AppStore|iPhone
		{AC60B4EF-BA2C-4B9A-B43D-F9F7C4F2CFAB}.AppStore|iPhoneSimulator.ActiveCfg = AppStore|iPhoneSimulator
		{AC60B4EF-BA2C-4B9A-B43D-F9F7C4F2CFAB}.AppStore|iPhoneSimulator.Build.0 = AppStore|iPhoneSimulator
		{AC60B4EF-BA2C-4B9A-B43D-F9F7C4F2CFAB}.Debug|Any CPU.ActiveCfg = Debug|iPhone
		{AC60B4EF-BA2C-4B9A-B43D-F9F7C4F2CFAB}.Debug|iPhone.ActiveCfg = Debug|iPhone
		{AC60B4EF-BA2C-4B9A-B43D-F9F7C4F2CFAB}.Debug|iPhone.Build.0 = Debug|iPhone
		{AC60B4EF-BA2C-4B9A-B43D-F9F7C4F2CFAB}.Debug|iPhoneSimulator.ActiveCfg = Debug|iPhoneSimulator
		{AC60B4EF-BA2C-4B9A-B43D-F9F7C4F2CFAB}.Debug|iPhoneSimulator.Build.0 = Debug|iPhoneSimulator
		{AC60B4EF-BA2C-4B9A-B43D-F9F7C4F2CFAB}.Release|Any CPU.ActiveCfg = Release|iPhone
		{AC60B4EF-BA2C-4B9A-B43D-F9F7C4F2CFAB}.Release|iPhone.ActiveCfg = Release|iPhone
		{AC60B4EF-BA2C-4B9A-B43D-F9F7C4F2CFAB}.Release|iPhone.Build.0 = Release|iPhone
		{AC60B4EF-BA2C-4B9A-B43D-F9F7C4F2CFAB}.Release|iPhoneSimulator.ActiveCfg = Release|iPhoneSimulator
		{AC60B4EF-BA2C-4B9A-B43D-F9F7C4F2CFAB}.Release|iPhoneSimulator.Build.0 = Release|iPhoneSimulator
	EndGlobalSection
	GlobalSection(SolutionProperties) = preSolution
		HideSolutionNode = FALSE
	EndGlobalSection
EndGlobal
